Microsoft Visual Studio Solution File, Format Version 12.00
# Visual Studio Version 17
VisualStudioVersion = 17.0.31903.59
MinimumVisualStudioVersion = 10.0.40219.1
Project("{9A19103F-16F7-4668-BE54-9A1E7A4F7556}") = "WebcamApp", "WebcamApp\WebcamApp.csproj", "{C5AC6F19-9F69-4909-9127-8FFD9DA5B7FD}"
EndProject
Project("{9A19103F-16F7-4668-BE54-9A1E7A4F7556}") = "ApiServer", "ApiServer\ApiServer.csproj", "{46056716-09AC-4392-A637-BAF05B4A2493}"
EndProject
Project("{9A19103F-16F7-4668-BE54-9A1E7A4F7556}") = "Models", "Models\Models.csproj", "{6DB7ABCF-E187-4C60-A8D2-372BBE6802FF}"
EndProject
Global
	GlobalSection(SolutionConfigurationPlatforms) = preSolution
		Debug|Any CPU = Debug|Any CPU
		Release|Any CPU = Release|Any CPU
	EndGlobalSection
	GlobalSection(ProjectConfigurationPlatforms) = postSolution
		{C5AC6F19-9F69-4909-9127-8FFD9DA5B7FD}.Debug|Any CPU.ActiveCfg = Debug|Any CPU
		{C5AC6F19-9F69-4909-9127-8FFD9DA5B7FD}.Debug|Any CPU.Build.0 = Debug|Any CPU
		{C5AC6F19-9F69-4909-9127-8FFD9DA5B7FD}.Release|Any CPU.ActiveCfg = Release|Any CPU
		{C5AC6F19-9F69-4909-9127-8FFD9DA5B7FD}.Release|Any CPU.Build.0 = Release|Any CPU
		{46056716-09AC-4392-A637-BAF05B4A2493}.Debug|Any CPU.ActiveCfg = Debug|Any CPU
		{46056716-09AC-4392-A637-BAF05B4A2493}.Debug|Any CPU.Build.0 = Debug|Any CPU
		{46056716-09AC-4392-A637-BAF05B4A2493}.Release|Any CPU.ActiveCfg = Release|Any CPU
		{46056716-09AC-4392-A637-BAF05B4A2493}.Release|Any CPU.Build.0 = Release|Any CPU
		{6DB7ABCF-E187-4C60-A8D2-372BBE6802FF}.Debug|Any CPU.ActiveCfg = Debug|Any CPU
		{6DB7ABCF-E187-4C60-A8D2-372BBE6802FF}.Debug|Any CPU.Build.0 = Debug|Any CPU
		{6DB7ABCF-E187-4C60-A8D2-372BBE6802FF}.Release|Any CPU.ActiveCfg = Release|Any CPU
		{6DB7ABCF-E187-4C60-A8D2-372BBE6802FF}.Release|Any CPU.Build.0 = Release|Any CPU
	EndGlobalSection
	GlobalSection(SolutionProperties) = preSolution
		HideSolutionNode = FALSE
	EndGlobalSection
EndGlobal
